
Microsoft Visual Studio Solution File, Format Version 12.00
# Visual Studio Version 17
VisualStudioVersion = 17.8.34511.84
MinimumVisualStudioVersion = 10.0.40219.1
Project("{8BC9CEB8-8B4A-11D0-8D11-00A0C91BC942}") = "final prj", "final prj.vcxproj", "{586A03C9-8775-42A5-AC94-14E30F7551D6}"
EndProject
Global
	GlobalSection(SolutionConfigurationPlatforms) = preSolution
		Debug|x64 = Debug|x64
		Debug|x86 = Debug|x86
		Release|x64 = Release|x64
		Release|x86 = Release|x86
	EndGlobalSection
	GlobalSection(ProjectConfigurationPlatforms) = postSolution
		{586A03C9-8775-42A5-AC94-14E30F7551D6}.Debug|x64.ActiveCfg = Debug|x64
		{586A03C9-8775-42A5-AC94-14E30F7551D6}.Debug|x64.Build.0 = Debug|x64
		{586A03C9-8775-42A5-AC94-14E30F7551D6}.Debug|x86.ActiveCfg = Debug|Win32
		{586A03C9-8775-42A5-AC94-14E30F7551D6}.Debug|x86.Build.0 = Debug|Win32
		{586A03C9-8775-42A5-AC94-14E30F7551D6}.Release|x64.ActiveCfg = Release|x64
		{586A03C9-8775-42A5-AC94-14E30F7551D6}.Release|x64.Build.0 = Release|x64
		{586A03C9-8775-42A5-AC94-14E30F7551D6}.Release|x86.ActiveCfg = Release|Win32
		{586A03C9-8775-42A5-AC94-14E30F7551D6}.Release|x86.Build.0 = Release|Win32
	EndGlobalSection
	GlobalSection(SolutionProperties) = preSolution
		HideSolutionNode = FALSE
	EndGlobalSection
	GlobalSection(ExtensibilityGlobals) = postSolution
		SolutionGuid = {61B424CF-ACB3-42B3-A9C9-044402101FEF}
	EndGlobalSection
EndGlobal
